
Microsoft Visual Studio Solution File, Format Version 12.00
# Visual Studio Version 17
VisualStudioVersion = 17.3.32929.385
MinimumVisualStudioVersion = 10.0.40219.1
Project("{FAE04EC0-301F-11D3-BF4B-00C04F79EFBC}") = "ASGSSTN004(1.Employee)", "ASGSSTN004(1.Employee)\ASGSSTN004(1.Employee).csproj", "{32CB36AD-AC5A-4053-BC84-08854649F945}"
EndProject
Global
	GlobalSection(SolutionConfigurationPlatforms) = preSolution
		Debug|Any CPU = Debug|Any CPU
		Release|Any CPU = Release|Any CPU
	EndGlobalSection
	GlobalSection(ProjectConfigurationPlatforms) = postSolution
		{32CB36AD-AC5A-4053-BC84-08854649F945}.Debug|Any CPU.ActiveCfg = Debug|Any CPU
		{32CB36AD-AC5A-4053-BC84-08854649F945}.Debug|Any CPU.Build.0 = Debug|Any CPU
		{32CB36AD-AC5A-4053-BC84-08854649F945}.Release|Any CPU.ActiveCfg = Release|Any CPU
		{32CB36AD-AC5A-4053-BC84-08854649F945}.Release|Any CPU.Build.0 = Release|Any CPU
	EndGlobalSection
	GlobalSection(SolutionProperties) = preSolution
		HideSolutionNode = FALSE
	EndGlobalSection
	GlobalSection(ExtensibilityGlobals) = postSolution
		SolutionGuid = {DF6586F6-3BA9-41B7-9AAA-FB42FEE0D880}
	EndGlobalSection
EndGlobal
